// !$*UTF8*$!
{
	archiveVersion = 1;
	classes = {
	};
	objectVersion = 56;
	objects = {

/* Begin PBXBuildFile section */
		374D93E4296F097B006AF29A /* App.swift in Sources */ = {isa = PBXBuildFile; fileRef = 374D93E3296F097B006AF29A /* App.swift */; };
		374D93E6296F097B006AF29A /* ContentView.swift in Sources */ = {isa = PBXBuildFile; fileRef = 374D93E5296F097B006AF29A /* ContentView.swift */; };
		374D93E8296F097C006AF29A /* Assets.xcassets in Resources */ = {isa = PBXBuildFile; fileRef = 374D93E7296F097C006AF29A /* Assets.xcassets */; };
		374D93EB296F097C006AF29A /* Preview Assets.xcassets in Resources */ = {isa = PBXBuildFile; fileRef = 374D93EA296F097C006AF29A /* Preview Assets.xcassets */; };
		374D93F9296F098D006AF29A /* ExtensionProvider.swift in Sources */ = {isa = PBXBuildFile; fileRef = 374D93F8296F098D006AF29A /* ExtensionProvider.swift */; };
		374D93FB296F098D006AF29A /* main.swift in Sources */ = {isa = PBXBuildFile; fileRef = 374D93FA296F098D006AF29A /* main.swift */; };
		374D9400296F098D006AF29A /* dev.noppe.CIFilterCam.Extension.systemextension in Embed System Extensions */ = {isa = PBXBuildFile; fileRef = 374D93F6296F098D006AF29A /* dev.noppe.CIFilterCam.Extension.systemextension */; settings = {ATTRIBUTES = (RemoveHeadersOnCopy, ); }; };
		374D9406296F0EB2006AF29A /* ControllView.swift in Sources */ = {isa = PBXBuildFile; fileRef = 374D9405296F0EB2006AF29A /* ControllView.swift */; };
		374D9408296F14FF006AF29A /* SampleBufferDisplayView.swift in Sources */ = {isa = PBXBuildFile; fileRef = 374D9407296F14FF006AF29A /* SampleBufferDisplayView.swift */; };
		374D9424296F3161006AF29A /* Defaults in Frameworks */ = {isa = PBXBuildFile; productRef = 374D9423296F3161006AF29A /* Defaults */; };
		374D9430296F31F8006AF29A /* Shared.framework in Frameworks */ = {isa = PBXBuildFile; fileRef = 374D942A296F31F8006AF29A /* Shared.framework */; };
		374D9431296F31F8006AF29A /* Shared.framework in Embed Frameworks */ = {isa = PBXBuildFile; fileRef = 374D942A296F31F8006AF29A /* Shared.framework */; settings = {ATTRIBUTES = (CodeSignOnCopy, RemoveHeadersOnCopy, ); }; };
		374D9437296F31FE006AF29A /* Defaults in Frameworks */ = {isa = PBXBuildFile; productRef = 374D9436296F31FE006AF29A /* Defaults */; };
		374D9438296F3203006AF29A /* Shared.framework in Frameworks */ = {isa = PBXBuildFile; fileRef = 374D942A296F31F8006AF29A /* Shared.framework */; };
		374D9439296F3203006AF29A /* Shared.framework in Embed Frameworks */ = {isa = PBXBuildFile; fileRef = 374D942A296F31F8006AF29A /* Shared.framework */; settings = {ATTRIBUTES = (CodeSignOnCopy, RemoveHeadersOnCopy, ); }; };
		374D943F296F321B006AF29A /* Default+.swift in Sources */ = {isa = PBXBuildFile; fileRef = 374D943E296F321B006AF29A /* Default+.swift */; };
		374D9441296F33BF006AF29A /* Defaults in Frameworks */ = {isa = PBXBuildFile; productRef = 374D9440296F33BF006AF29A /* Defaults */; };
		374D944329704E53006AF29A /* Filter.swift in Sources */ = {isa = PBXBuildFile; fileRef = 374D944229704E53006AF29A /* Filter.swift */; };
		374D944529706536006AF29A /* AVFoundation+.swift in Sources */ = {isa = PBXBuildFile; fileRef = 374D944429706536006AF29A /* AVFoundation+.swift */; };
		374D944729706AB4006AF29A /* Camera.swift in Sources */ = {isa = PBXBuildFile; fileRef = 374D944629706AB4006AF29A /* Camera.swift */; };
/* End PBXBuildFile section */

/* Begin PBXContainerItemProxy section */
		374D93FE296F098D006AF29A /* PBXContainerItemProxy */ = {
			isa = PBXContainerItemProxy;
			containerPortal = 374D93D8296F097B006AF29A /* Project object */;
			proxyType = 1;
			remoteGlobalIDString = 374D93F5296F098D006AF29A;
			remoteInfo = Extension;
		};
		374D942E296F31F8006AF29A /* PBXContainerItemProxy */ = {
			isa = PBXContainerItemProxy;
			containerPortal = 374D93D8296F097B006AF29A /* Project object */;
			proxyType = 1;
			remoteGlobalIDString = 374D9429296F31F8006AF29A;
			remoteInfo = Shared;
		};
		374D943A296F3203006AF29A /* PBXContainerItemProxy */ = {
			isa = PBXContainerItemProxy;
			containerPortal = 374D93D8296F097B006AF29A /* Project object */;
			proxyType = 1;
			remoteGlobalIDString = 374D9429296F31F8006AF29A;
			remoteInfo = Shared;
		};
/* End PBXContainerItemProxy section */

/* Begin PBXCopyFilesBuildPhase section */
		374D9404296F098D006AF29A /* Embed System Extensions */ = {
			isa = PBXCopyFilesBuildPhase;
			buildActionMask = 2147483647;
			dstPath = "$(SYSTEM_EXTENSIONS_FOLDER_PATH)";
			dstSubfolderSpec = 16;
			files = (
				374D9400296F098D006AF29A /* dev.noppe.CIFilterCam.Extension.systemextension in Embed System Extensions */,
			);
			name = "Embed System Extensions";
			runOnlyForDeploymentPostprocessing = 0;
		};
		374D9435296F31F8006AF29A /* Embed Frameworks */ = {
			isa = PBXCopyFilesBuildPhase;
			buildActionMask = 2147483647;
			dstPath = "";
			dstSubfolderSpec = 10;
			files = (
				374D9431296F31F8006AF29A /* Shared.framework in Embed Frameworks */,
			);
			name = "Embed Frameworks";
			runOnlyForDeploymentPostprocessing = 0;
		};
		374D943C296F3203006AF29A /* Embed Frameworks */ = {
			isa = PBXCopyFilesBuildPhase;
			buildActionMask = 2147483647;
			dstPath = "";
			dstSubfolderSpec = 10;
			files = (
				374D9439296F3203006AF29A /* Shared.framework in Embed Frameworks */,
			);
			name = "Embed Frameworks";
			runOnlyForDeploymentPostprocessing = 0;
		};
/* End PBXCopyFilesBuildPhase section */

/* Begin PBXFileReference section */
		374D93E0296F097B006AF29A /* CIFilterCam.app */ = {isa = PBXFileReference; explicitFileType = wrapper.application; includeInIndex = 0; path = CIFilterCam.app; sourceTree = BUILT_PRODUCTS_DIR; };
		374D93E3296F097B006AF29A /* App.swift */ = {isa = PBXFileReference; lastKnownFileType = sourcecode.swift; path = App.swift; sourceTree = "<group>"; };
		374D93E5296F097B006AF29A /* ContentView.swift */ = {isa = PBXFileReference; lastKnownFileType = sourcecode.swift; path = ContentView.swift; sourceTree = "<group>"; };
		374D93E7296F097C006AF29A /* Assets.xcassets */ = {isa = PBXFileReference; lastKnownFileType = folder.assetcatalog; path = Assets.xcassets; sourceTree = "<group>"; };
		374D93EA296F097C006AF29A /* Preview Assets.xcassets */ = {isa = PBXFileReference; lastKnownFileType = folder.assetcatalog; path = "Preview Assets.xcassets"; sourceTree = "<group>"; };
		374D93EC296F097C006AF29A /* CIFilterCam.entitlements */ = {isa = PBXFileReference; lastKnownFileType = text.plist.entitlements; path = CIFilterCam.entitlements; sourceTree = "<group>"; };
		374D93F6296F098D006AF29A /* dev.noppe.CIFilterCam.Extension.systemextension */ = {isa = PBXFileReference; explicitFileType = "wrapper.system-extension"; includeInIndex = 0; path = dev.noppe.CIFilterCam.Extension.systemextension; sourceTree = BUILT_PRODUCTS_DIR; };
		374D93F8296F098D006AF29A /* ExtensionProvider.swift */ = {isa = PBXFileReference; lastKnownFileType = sourcecode.swift; path = ExtensionProvider.swift; sourceTree = "<group>"; };
		374D93FA296F098D006AF29A /* main.swift */ = {isa = PBXFileReference; lastKnownFileType = sourcecode.swift; path = main.swift; sourceTree = "<group>"; };
		374D93FC296F098D006AF29A /* Info.plist */ = {isa = PBXFileReference; lastKnownFileType = text.plist.xml; path = Info.plist; sourceTree = "<group>"; };
		374D93FD296F098D006AF29A /* Extension.entitlements */ = {isa = PBXFileReference; lastKnownFileType = text.plist.entitlements; path = Extension.entitlements; sourceTree = "<group>"; };
		374D9405296F0EB2006AF29A /* ControllView.swift */ = {isa = PBXFileReference; lastKnownFileType = sourcecode.swift; path = ControllView.swift; sourceTree = "<group>"; };
		374D9407296F14FF006AF29A /* SampleBufferDisplayView.swift */ = {isa = PBXFileReference; lastKnownFileType = sourcecode.swift; path = SampleBufferDisplayView.swift; sourceTree = "<group>"; };
		374D942A296F31F8006AF29A /* Shared.framework */ = {isa = PBXFileReference; explicitFileType = wrapper.framework; includeInIndex = 0; path = Shared.framework; sourceTree = BUILT_PRODUCTS_DIR; };
		374D943D296F3206006AF29A /* Info.plist */ = {isa = PBXFileReference; lastKnownFileType = text.plist; path = Info.plist; sourceTree = "<group>"; };
		374D943E296F321B006AF29A /* Default+.swift */ = {isa = PBXFileReference; lastKnownFileType = sourcecode.swift; path = "Default+.swift"; sourceTree = "<group>"; };
		374D944229704E53006AF29A /* Filter.swift */ = {isa = PBXFileReference; lastKnownFileType = sourcecode.swift; path = Filter.swift; sourceTree = "<group>"; };
		374D944429706536006AF29A /* AVFoundation+.swift */ = {isa = PBXFileReference; lastKnownFileType = sourcecode.swift; path = "AVFoundation+.swift"; sourceTree = "<group>"; };
		374D944629706AB4006AF29A /* Camera.swift */ = {isa = PBXFileReference; lastKnownFileType = sourcecode.swift; path = Camera.swift; sourceTree = "<group>"; };
/* End PBXFileReference section */

/* Begin PBXFrameworksBuildPhase section */
		374D93DD296F097B006AF29A /* Frameworks */ = {
			isa = PBXFrameworksBuildPhase;
			buildActionMask = 2147483647;
			files = (
				374D9424296F3161006AF29A /* Defaults in Frameworks */,
				374D9430296F31F8006AF29A /* Shared.framework in Frameworks */,
			);
			runOnlyForDeploymentPostprocessing = 0;
		};
		374D93F3296F098D006AF29A /* Frameworks */ = {
			isa = PBXFrameworksBuildPhase;
			buildActionMask = 2147483647;
			files = (
				374D9441296F33BF006AF29A /* Defaults in Frameworks */,
				374D9438296F3203006AF29A /* Shared.framework in Frameworks */,
			);
			runOnlyForDeploymentPostprocessing = 0;
		};
		374D9427296F31F8006AF29A /* Frameworks */ = {
			isa = PBXFrameworksBuildPhase;
			buildActionMask = 2147483647;
			files = (
				374D9437296F31FE006AF29A /* Defaults in Frameworks */,
			);
			runOnlyForDeploymentPostprocessing = 0;
		};
/* End PBXFrameworksBuildPhase section */

/* Begin PBXGroup section */
		374D93D7296F097B006AF29A = {
			isa = PBXGroup;
			children = (
				374D93E2296F097B006AF29A /* CIFilterCam */,
				374D93F7296F098D006AF29A /* Extension */,
				374D942B296F31F8006AF29A /* Shared */,
				374D93E1296F097B006AF29A /* Products */,
				374D9416296F26FD006AF29A /* Frameworks */,
			);
			sourceTree = "<group>";
		};
		374D93E1296F097B006AF29A /* Products */ = {
			isa = PBXGroup;
			children = (
				374D93E0296F097B006AF29A /* CIFilterCam.app */,
				374D93F6296F098D006AF29A /* dev.noppe.CIFilterCam.Extension.systemextension */,
				374D942A296F31F8006AF29A /* Shared.framework */,
			);
			name = Products;
			sourceTree = "<group>";
		};
		374D93E2296F097B006AF29A /* CIFilterCam */ = {
			isa = PBXGroup;
			children = (
				374D943D296F3206006AF29A /* Info.plist */,
				374D93E3296F097B006AF29A /* App.swift */,
				374D93E5296F097B006AF29A /* ContentView.swift */,
				374D93E7296F097C006AF29A /* Assets.xcassets */,
				374D9405296F0EB2006AF29A /* ControllView.swift */,
				374D9407296F14FF006AF29A /* SampleBufferDisplayView.swift */,
				374D93EC296F097C006AF29A /* CIFilterCam.entitlements */,
				374D93E9296F097C006AF29A /* Preview Content */,
			);
			path = CIFilterCam;
			sourceTree = "<group>";
		};
		374D93E9296F097C006AF29A /* Preview Content */ = {
			isa = PBXGroup;
			children = (
				374D93EA296F097C006AF29A /* Preview Assets.xcassets */,
			);
			path = "Preview Content";
			sourceTree = "<group>";
		};
		374D93F7296F098D006AF29A /* Extension */ = {
			isa = PBXGroup;
			children = (
				374D93F8296F098D006AF29A /* ExtensionProvider.swift */,
				374D93FA296F098D006AF29A /* main.swift */,
				374D93FC296F098D006AF29A /* Info.plist */,
				374D93FD296F098D006AF29A /* Extension.entitlements */,
			);
			path = Extension;
			sourceTree = "<group>";
		};
		374D9416296F26FD006AF29A /* Frameworks */ = {
			isa = PBXGroup;
			children = (
			);
			name = Frameworks;
			sourceTree = "<group>";
		};
		374D942B296F31F8006AF29A /* Shared */ = {
			isa = PBXGroup;
			children = (
				374D943E296F321B006AF29A /* Default+.swift */,
				374D944229704E53006AF29A /* Filter.swift */,
				374D944429706536006AF29A /* AVFoundation+.swift */,
				374D944629706AB4006AF29A /* Camera.swift */,
			);
			path = Shared;
			sourceTree = "<group>";
		};
/* End PBXGroup section */

/* Begin PBXHeadersBuildPhase section */
		374D9425296F31F8006AF29A /* Headers */ = {
			isa = PBXHeadersBuildPhase;
			buildActionMask = 2147483647;
			files = (
			);
			runOnlyForDeploymentPostprocessing = 0;
		};
/* End PBXHeadersBuildPhase section */

/* Begin PBXNativeTarget section */
		374D93DF296F097B006AF29A /* CIFilterCam */ = {
			isa = PBXNativeTarget;
			buildConfigurationList = 374D93EF296F097C006AF29A /* Build configuration list for PBXNativeTarget "CIFilterCam" */;
			buildPhases = (
				374D93DC296F097B006AF29A /* Sources */,
				374D93DD296F097B006AF29A /* Frameworks */,
				374D93DE296F097B006AF29A /* Resources */,
				374D9404296F098D006AF29A /* Embed System Extensions */,
				374D9435296F31F8006AF29A /* Embed Frameworks */,
			);
			buildRules = (
			);
			dependencies = (
				374D93FF296F098D006AF29A /* PBXTargetDependency */,
				374D942F296F31F8006AF29A /* PBXTargetDependency */,
			);
			name = CIFilterCam;
			packageProductDependencies = (
				374D9423296F3161006AF29A /* Defaults */,
			);
			productName = CIFilterCam;
			productReference = 374D93E0296F097B006AF29A /* CIFilterCam.app */;
			productType = "com.apple.product-type.application";
		};
		374D93F5296F098D006AF29A /* Extension */ = {
			isa = PBXNativeTarget;
			buildConfigurationList = 374D9401296F098D006AF29A /* Build configuration list for PBXNativeTarget "Extension" */;
			buildPhases = (
				374D93F2296F098D006AF29A /* Sources */,
				374D93F3296F098D006AF29A /* Frameworks */,
				374D93F4296F098D006AF29A /* Resources */,
				374D943C296F3203006AF29A /* Embed Frameworks */,
			);
			buildRules = (
			);
			dependencies = (
				374D943B296F3203006AF29A /* PBXTargetDependency */,
			);
			name = Extension;
			packageProductDependencies = (
				374D9440296F33BF006AF29A /* Defaults */,
			);
			productName = Extension;
			productReference = 374D93F6296F098D006AF29A /* dev.noppe.CIFilterCam.Extension.systemextension */;
			productType = "com.apple.product-type.system-extension";
		};
		374D9429296F31F8006AF29A /* Shared */ = {
			isa = PBXNativeTarget;
			buildConfigurationList = 374D9432296F31F8006AF29A /* Build configuration list for PBXNativeTarget "Shared" */;
			buildPhases = (
				374D9425296F31F8006AF29A /* Headers */,
				374D9426296F31F8006AF29A /* Sources */,
				374D9427296F31F8006AF29A /* Frameworks */,
				374D9428296F31F8006AF29A /* Resources */,
			);
			buildRules = (
			);
			dependencies = (
			);
			name = Shared;
			packageProductDependencies = (
				374D9436296F31FE006AF29A /* Defaults */,
			);
			productName = Shared;
			productReference = 374D942A296F31F8006AF29A /* Shared.framework */;
			productType = "com.apple.product-type.framework";
		};
/* End PBXNativeTarget section */

/* Begin PBXProject section */
		374D93D8296F097B006AF29A /* Project object */ = {
			isa = PBXProject;
			attributes = {
				BuildIndependentTargetsInParallel = 1;
				LastSwiftUpdateCheck = 1420;
				LastUpgradeCheck = 1420;
				TargetAttributes = {
					374D93DF296F097B006AF29A = {
						CreatedOnToolsVersion = 14.2;
					};
					374D93F5296F098D006AF29A = {
						CreatedOnToolsVersion = 14.2;
					};
					374D9429296F31F8006AF29A = {
						CreatedOnToolsVersion = 14.2;
						LastSwiftMigration = 1420;
					};
				};
			};
			buildConfigurationList = 374D93DB296F097B006AF29A /* Build configuration list for PBXProject "CIFilterCam" */;
			compatibilityVersion = "Xcode 14.0";
			developmentRegion = en;
			hasScannedForEncodings = 0;
			knownRegions = (
				en,
				Base,
			);
			mainGroup = 374D93D7296F097B006AF29A;
			packageReferences = (
				374D9422296F3161006AF29A /* XCRemoteSwiftPackageReference "Defaults" */,
			);
			productRefGroup = 374D93E1296F097B006AF29A /* Products */;
			projectDirPath = "";
			projectRoot = "";
			targets = (
				374D93DF296F097B006AF29A /* CIFilterCam */,
				374D93F5296F098D006AF29A /* Extension */,
				374D9429296F31F8006AF29A /* Shared */,
			);
		};
/* End PBXProject section */

/* Begin PBXResourcesBuildPhase section */
		374D93DE296F097B006AF29A /* Resources */ = {
			isa = PBXResourcesBuildPhase;
			buildActionMask = 2147483647;
			files = (
				374D93EB296F097C006AF29A /* Preview Assets.xcassets in Resources */,
				374D93E8296F097C006AF29A /* Assets.xcassets in Resources */,
			);
			runOnlyForDeploymentPostprocessing = 0;
		};
		374D93F4296F098D006AF29A /* Resources */ = {
			isa = PBXResourcesBuildPhase;
			buildActionMask = 2147483647;
			files = (
			);
			runOnlyForDeploymentPostprocessing = 0;
		};
		374D9428296F31F8006AF29A /* Resources */ = {
			isa = PBXResourcesBuildPhase;
			buildActionMask = 2147483647;
			files = (
			);
			runOnlyForDeploymentPostprocessing = 0;
		};
/* End PBXResourcesBuildPhase section */

/* Begin PBXSourcesBuildPhase section */
		374D93DC296F097B006AF29A /* Sources */ = {
			isa = PBXSourcesBuildPhase;
			buildActionMask = 2147483647;
			files = (
				374D93E6296F097B006AF29A /* ContentView.swift in Sources */,
				374D9408296F14FF006AF29A /* SampleBufferDisplayView.swift in Sources */,
				374D9406296F0EB2006AF29A /* ControllView.swift in Sources */,
				374D93E4296F097B006AF29A /* App.swift in Sources */,
			);
			runOnlyForDeploymentPostprocessing = 0;
		};
		374D93F2296F098D006AF29A /* Sources */ = {
			isa = PBXSourcesBuildPhase;
			buildActionMask = 2147483647;
			files = (
				374D93FB296F098D006AF29A /* main.swift in Sources */,
				374D93F9296F098D006AF29A /* ExtensionProvider.swift in Sources */,
			);
			runOnlyForDeploymentPostprocessing = 0;
		};
		374D9426296F31F8006AF29A /* Sources */ = {
			isa = PBXSourcesBuildPhase;
			buildActionMask = 2147483647;
			files = (
				374D944729706AB4006AF29A /* Camera.swift in Sources */,
				374D943F296F321B006AF29A /* Default+.swift in Sources */,
				374D944329704E53006AF29A /* Filter.swift in Sources */,
				374D944529706536006AF29A /* AVFoundation+.swift in Sources */,
			);
			runOnlyForDeploymentPostprocessing = 0;
		};
/* End PBXSourcesBuildPhase section */

/* Begin PBXTargetDependency section */
		374D93FF296F098D006AF29A /* PBXTargetDependency */ = {
			isa = PBXTargetDependency;
			target = 374D93F5296F098D006AF29A /* Extension */;
			targetProxy = 374D93FE296F098D006AF29A /* PBXContainerItemProxy */;
		};
		374D942F296F31F8006AF29A /* PBXTargetDependency */ = {
			isa = PBXTargetDependency;
			target = 374D9429296F31F8006AF29A /* Shared */;
			targetProxy = 374D942E296F31F8006AF29A /* PBXContainerItemProxy */;
		};
		374D943B296F3203006AF29A /* PBXTargetDependency */ = {
			isa = PBXTargetDependency;
			target = 374D9429296F31F8006AF29A /* Shared */;
			targetProxy = 374D943A296F3203006AF29A /* PBXContainerItemProxy */;
		};
/* End PBXTargetDependency section */

/* Begin XCBuildConfiguration section */
		374D93ED296F097C006AF29A /* Debug */ = {
			isa = XCBuildConfiguration;
			buildSettings = {
				ALWAYS_SEARCH_USER_PATHS = NO;
				CLANG_ANALYZER_NONNULL = YES;
				CLANG_ANALYZER_NUMBER_OBJECT_CONVERSION = YES_AGGRESSIVE;
				CLANG_CXX_LANGUAGE_STANDARD = "gnu++20";
				CLANG_ENABLE_MODULES = YES;
				CLANG_ENABLE_OBJC_ARC = YES;
				CLANG_ENABLE_OBJC_WEAK = YES;
				CLANG_WARN_BLOCK_CAPTURE_AUTORELEASING = YES;
				CLANG_WARN_BOOL_CONVERSION = YES;
				CLANG_WARN_COMMA = YES;
				CLANG_WARN_CONSTANT_CONVERSION = YES;
				CLANG_WARN_DEPRECATED_OBJC_IMPLEMENTATIONS = YES;
				CLANG_WARN_DIRECT_OBJC_ISA_USAGE = YES_ERROR;
				CLANG_WARN_DOCUMENTATION_COMMENTS = YES;
				CLANG_WARN_EMPTY_BODY = YES;
				CLANG_WARN_ENUM_CONVERSION = YES;
				CLANG_WARN_INFINITE_RECURSION = YES;
				CLANG_WARN_INT_CONVERSION = YES;
				CLANG_WARN_NON_LITERAL_NULL_CONVERSION = YES;
				CLANG_WARN_OBJC_IMPLICIT_RETAIN_SELF = YES;
				CLANG_WARN_OBJC_LITERAL_CONVERSION = YES;
				CLANG_WARN_OBJC_ROOT_CLASS = YES_ERROR;
				CLANG_WARN_QUOTED_INCLUDE_IN_FRAMEWORK_HEADER = YES;
				CLANG_WARN_RANGE_LOOP_ANALYSIS = YES;
				CLANG_WARN_STRICT_PROTOTYPES = YES;
				CLANG_WARN_SUSPICIOUS_MOVE = YES;
				CLANG_WARN_UNGUARDED_AVAILABILITY = YES_AGGRESSIVE;
				CLANG_WARN_UNREACHABLE_CODE = YES;
				CLANG_WARN__DUPLICATE_METHOD_MATCH = YES;
				COPY_PHASE_STRIP = NO;
				DEBUG_INFORMATION_FORMAT = dwarf;
				ENABLE_STRICT_OBJC_MSGSEND = YES;
				ENABLE_TESTABILITY = YES;
				GCC_C_LANGUAGE_STANDARD = gnu11;
				GCC_DYNAMIC_NO_PIC = NO;
				GCC_NO_COMMON_BLOCKS = YES;
				GCC_OPTIMIZATION_LEVEL = 0;
				GCC_PREPROCESSOR_DEFINITIONS = (
					"DEBUG=1",
					"$(inherited)",
				);
				GCC_WARN_64_TO_32_BIT_CONVERSION = YES;
				GCC_WARN_ABOUT_RETURN_TYPE = YES_ERROR;
				GCC_WARN_UNDECLARED_SELECTOR = YES;
				GCC_WARN_UNINITIALIZED_AUTOS = YES_AGGRESSIVE;
				GCC_WARN_UNUSED_FUNCTION = YES;
				GCC_WARN_UNUSED_VARIABLE = YES;
				MACOSX_DEPLOYMENT_TARGET = 13.1;
				MTL_ENABLE_DEBUG_INFO = INCLUDE_SOURCE;
				MTL_FAST_MATH = YES;
				ONLY_ACTIVE_ARCH = YES;
				SDKROOT = macosx;
				SWIFT_ACTIVE_COMPILATION_CONDITIONS = DEBUG;
				SWIFT_OPTIMIZATION_LEVEL = "-Onone";
			};
			name = Debug;
		};
		374D93EE296F097C006AF29A /* Release */ = {
			isa = XCBuildConfiguration;
			buildSettings = {
				ALWAYS_SEARCH_USER_PATHS = NO;
				CLANG_ANALYZER_NONNULL = YES;
				CLANG_ANALYZER_NUMBER_OBJECT_CONVERSION = YES_AGGRESSIVE;
				CLANG_CXX_LANGUAGE_STANDARD = "gnu++20";
				CLANG_ENABLE_MODULES = YES;
				CLANG_ENABLE_OBJC_ARC = YES;
				CLANG_ENABLE_OBJC_WEAK = YES;
				CLANG_WARN_BLOCK_CAPTURE_AUTORELEASING = YES;
				CLANG_WARN_BOOL_CONVERSION = YES;
				CLANG_WARN_COMMA = YES;
				CLANG_WARN_CONSTANT_CONVERSION = YES;
				CLANG_WARN_DEPRECATED_OBJC_IMPLEMENTATIONS = YES;
				CLANG_WARN_DIRECT_OBJC_ISA_USAGE = YES_ERROR;
				CLANG_WARN_DOCUMENTATION_COMMENTS = YES;
				CLANG_WARN_EMPTY_BODY = YES;
				CLANG_WARN_ENUM_CONVERSION = YES;
				CLANG_WARN_INFINITE_RECURSION = YES;
				CLANG_WARN_INT_CONVERSION = YES;
				CLANG_WARN_NON_LITERAL_NULL_CONVERSION = YES;
				CLANG_WARN_OBJC_IMPLICIT_RETAIN_SELF = YES;
				CLANG_WARN_OBJC_LITERAL_CONVERSION = YES;
				CLANG_WARN_OBJC_ROOT_CLASS = YES_ERROR;
				CLANG_WARN_QUOTED_INCLUDE_IN_FRAMEWORK_HEADER = YES;
				CLANG_WARN_RANGE_LOOP_ANALYSIS = YES;
				CLANG_WARN_STRICT_PROTOTYPES = YES;
				CLANG_WARN_SUSPICIOUS_MOVE = YES;
				CLANG_WARN_UNGUARDED_AVAILABILITY = YES_AGGRESSIVE;
				CLANG_WARN_UNREACHABLE_CODE = YES;
				CLANG_WARN__DUPLICATE_METHOD_MATCH = YES;
				COPY_PHASE_STRIP = NO;
				DEBUG_INFORMATION_FORMAT = "dwarf-with-dsym";
				ENABLE_NS_ASSERTIONS = NO;
				ENABLE_STRICT_OBJC_MSGSEND = YES;
				GCC_C_LANGUAGE_STANDARD = gnu11;
				GCC_NO_COMMON_BLOCKS = YES;
				GCC_WARN_64_TO_32_BIT_CONVERSION = YES;
				GCC_WARN_ABOUT_RETURN_TYPE = YES_ERROR;
				GCC_WARN_UNDECLARED_SELECTOR = YES;
				GCC_WARN_UNINITIALIZED_AUTOS = YES_AGGRESSIVE;
				GCC_WARN_UNUSED_FUNCTION = YES;
				GCC_WARN_UNUSED_VARIABLE = YES;
				MACOSX_DEPLOYMENT_TARGET = 13.1;
				MTL_ENABLE_DEBUG_INFO = NO;
				MTL_FAST_MATH = YES;
				SDKROOT = macosx;
				SWIFT_COMPILATION_MODE = wholemodule;
				SWIFT_OPTIMIZATION_LEVEL = "-O";
			};
			name = Release;
		};
		374D93F0296F097C006AF29A /* Debug */ = {
			isa = XCBuildConfiguration;
			buildSettings = {
				ALWAYS_EMBED_SWIFT_STANDARD_LIBRARIES = YES;
				ASSETCATALOG_COMPILER_APPICON_NAME = AppIcon;
				ASSETCATALOG_COMPILER_GLOBAL_ACCENT_COLOR_NAME = AccentColor;
				CODE_SIGN_ENTITLEMENTS = CIFilterCam/CIFilterCam.entitlements;
				CODE_SIGN_STYLE = Automatic;
				COMBINE_HIDPI_IMAGES = YES;
				CURRENT_PROJECT_VERSION = 1;
				DEVELOPMENT_ASSET_PATHS = "\"CIFilterCam/Preview Content\"";
				DEVELOPMENT_TEAM = FBQ6Z8AF3U;
				ENABLE_HARDENED_RUNTIME = YES;
				ENABLE_PREVIEWS = YES;
				GENERATE_INFOPLIST_FILE = YES;
				INFOPLIST_FILE = CIFilterCam/Info.plist;
				INFOPLIST_KEY_NSCameraUsageDescription = "";
				INFOPLIST_KEY_NSHumanReadableCopyright = "";
				LD_RUNPATH_SEARCH_PATHS = (
					"$(inherited)",
					"@executable_path/../Frameworks",
				);
				MARKETING_VERSION = 1.0;
				PRODUCT_BUNDLE_IDENTIFIER = dev.noppe.CIFilterCam;
				PRODUCT_NAME = "$(TARGET_NAME)";
				SWIFT_EMIT_LOC_STRINGS = YES;
				SWIFT_VERSION = 5.0;
			};
			name = Debug;
		};
		374D93F1296F097C006AF29A /* Release */ = {
			isa = XCBuildConfiguration;
			buildSettings = {
				ALWAYS_EMBED_SWIFT_STANDARD_LIBRARIES = YES;
				ASSETCATALOG_COMPILER_APPICON_NAME = AppIcon;
				ASSETCATALOG_COMPILER_GLOBAL_ACCENT_COLOR_NAME = AccentColor;
				CODE_SIGN_ENTITLEMENTS = CIFilterCam/CIFilterCam.entitlements;
				CODE_SIGN_STYLE = Automatic;
				COMBINE_HIDPI_IMAGES = YES;
				CURRENT_PROJECT_VERSION = 1;
				DEVELOPMENT_ASSET_PATHS = "\"CIFilterCam/Preview Content\"";
				DEVELOPMENT_TEAM = FBQ6Z8AF3U;
				ENABLE_HARDENED_RUNTIME = YES;
				ENABLE_PREVIEWS = YES;
				GENERATE_INFOPLIST_FILE = YES;
				INFOPLIST_FILE = CIFilterCam/Info.plist;
				INFOPLIST_KEY_NSCameraUsageDescription = "";
				INFOPLIST_KEY_NSHumanReadableCopyright = "";
				LD_RUNPATH_SEARCH_PATHS = (
					"$(inherited)",
					"@executable_path/../Frameworks",
				);
				MARKETING_VERSION = 1.0;
				PRODUCT_BUNDLE_IDENTIFIER = dev.noppe.CIFilterCam;
				PRODUCT_NAME = "$(TARGET_NAME)";
				SWIFT_EMIT_LOC_STRINGS = YES;
				SWIFT_VERSION = 5.0;
			};
			name = Release;
		};
		374D9402296F098D006AF29A /* Debug */ = {
			isa = XCBuildConfiguration;
			buildSettings = {
				CODE_SIGN_ENTITLEMENTS = Extension/Extension.entitlements;
				CODE_SIGN_STYLE = Automatic;
				CURRENT_PROJECT_VERSION = 1;
				DEVELOPMENT_TEAM = FBQ6Z8AF3U;
				ENABLE_HARDENED_RUNTIME = YES;
				GENERATE_INFOPLIST_FILE = YES;
				INFOPLIST_FILE = Extension/Info.plist;
				INFOPLIST_KEY_CFBundleDisplayName = Extension;
				INFOPLIST_KEY_NSHumanReadableCopyright = "";
				LD_RUNPATH_SEARCH_PATHS = (
					"$(inherited)",
					"@executable_path/../Frameworks",
					"@executable_path/../../../../Frameworks",
				);
				MACOSX_DEPLOYMENT_TARGET = 13.1;
				MARKETING_VERSION = 1.0;
				PRODUCT_BUNDLE_IDENTIFIER = dev.noppe.CIFilterCam.Extension;
				PRODUCT_NAME = "$(inherited)";
				SKIP_INSTALL = YES;
				SWIFT_EMIT_LOC_STRINGS = YES;
				SWIFT_VERSION = 5.0;
			};
			name = Debug;
		};
		374D9403296F098D006AF29A /* Release */ = {
			isa = XCBuildConfiguration;
			buildSettings = {
				CODE_SIGN_ENTITLEMENTS = Extension/Extension.entitlements;
				CODE_SIGN_STYLE = Automatic;
				CURRENT_PROJECT_VERSION = 1;
				DEVELOPMENT_TEAM = FBQ6Z8AF3U;
				ENABLE_HARDENED_RUNTIME = YES;
				GENERATE_INFOPLIST_FILE = YES;
				INFOPLIST_FILE = Extension/Info.plist;
				INFOPLIST_KEY_CFBundleDisplayName = Extension;
				INFOPLIST_KEY_NSHumanReadableCopyright = "";
				LD_RUNPATH_SEARCH_PATHS = (
					"$(inherited)",
					"@executable_path/../Frameworks",
					"@executable_path/../../../../Frameworks",
				);
				MACOSX_DEPLOYMENT_TARGET = 13.1;
				MARKETING_VERSION = 1.0;
				PRODUCT_BUNDLE_IDENTIFIER = dev.noppe.CIFilterCam.Extension;
				PRODUCT_NAME = "$(inherited)";
				SKIP_INSTALL = YES;
				SWIFT_EMIT_LOC_STRINGS = YES;
				SWIFT_VERSION = 5.0;
			};
			name = Release;
		};
		374D9433296F31F8006AF29A /* Debug */ = {
			isa = XCBuildConfiguration;
			buildSettings = {
				CLANG_ENABLE_MODULES = YES;
				CODE_SIGN_STYLE = Automatic;
				COMBINE_HIDPI_IMAGES = YES;
				CURRENT_PROJECT_VERSION = 1;
				DEFINES_MODULE = YES;
				DEVELOPMENT_TEAM = FBQ6Z8AF3U;
				DYLIB_COMPATIBILITY_VERSION = 1;
				DYLIB_CURRENT_VERSION = 1;
				DYLIB_INSTALL_NAME_BASE = "@rpath";
				GENERATE_INFOPLIST_FILE = YES;
				INFOPLIST_KEY_NSHumanReadableCopyright = "";
				INSTALL_PATH = "$(LOCAL_LIBRARY_DIR)/Frameworks";
				LD_RUNPATH_SEARCH_PATHS = (
					"$(inherited)",
					"@executable_path/../Frameworks",
					"@loader_path/Frameworks",
				);
				MACOSX_DEPLOYMENT_TARGET = 13.1;
				MARKETING_VERSION = 1.0;
				PRODUCT_BUNDLE_IDENTIFIER = dev.noppe.Shared;
				PRODUCT_NAME = "$(TARGET_NAME:c99extidentifier)";
				SKIP_INSTALL = YES;
				SWIFT_EMIT_LOC_STRINGS = YES;
				SWIFT_OPTIMIZATION_LEVEL = "-Onone";
				SWIFT_VERSION = 5.0;
				VERSIONING_SYSTEM = "apple-generic";
				VERSION_INFO_PREFIX = "";
			};
			name = Debug;
		};
		374D9434296F31F8006AF29A /* Release */ = {
			isa = XCBuildConfiguration;
			buildSettings = {
				CLANG_ENABLE_MODULES = YES;
				CODE_SIGN_STYLE = Automatic;
				COMBINE_HIDPI_IMAGES = YES;
				CURRENT_PROJECT_VERSION = 1;
				DEFINES_MODULE = YES;
				DEVELOPMENT_TEAM = FBQ6Z8AF3U;
				DYLIB_COMPATIBILITY_VERSION = 1;
				DYLIB_CURRENT_VERSION = 1;
				DYLIB_INSTALL_NAME_BASE = "@rpath";
				GENERATE_INFOPLIST_FILE = YES;
				INFOPLIST_KEY_NSHumanReadableCopyright = "";
				INSTALL_PATH = "$(LOCAL_LIBRARY_DIR)/Frameworks";
				LD_RUNPATH_SEARCH_PATHS = (
					"$(inherited)",
					"@executable_path/../Frameworks",
					"@loader_path/Frameworks",
				);
				MACOSX_DEPLOYMENT_TARGET = 13.1;
				MARKETING_VERSION = 1.0;
				PRODUCT_BUNDLE_IDENTIFIER = dev.noppe.Shared;
				PRODUCT_NAME = "$(TARGET_NAME:c99extidentifier)";
				SKIP_INSTALL = YES;
				SWIFT_EMIT_LOC_STRINGS = YES;
				SWIFT_VERSION = 5.0;
				VERSIONING_SYSTEM = "apple-generic";
				VERSION_INFO_PREFIX = "";
			};
			name = Release;
		};
/* End XCBuildConfiguration section */

/* Begin XCConfigurationList section */
		374D93DB296F097B006AF29A /* Build configuration list for PBXProject "CIFilterCam" */ = {
			isa = XCConfigurationList;
			buildConfigurations = (
				374D93ED296F097C006AF29A /* Debug */,
				374D93EE296F097C006AF29A /* Release */,
			);
			defaultConfigurationIsVisible = 0;
			defaultConfigurationName = Release;
		};
		374D93EF296F097C006AF29A /* Build configuration list for PBXNativeTarget "CIFilterCam" */ = {
			isa = XCConfigurationList;
			buildConfigurations = (
				374D93F0296F097C006AF29A /* Debug */,
				374D93F1296F097C006AF29A /* Release */,
			);
			defaultConfigurationIsVisible = 0;
			defaultConfigurationName = Release;
		};
		374D9401296F098D006AF29A /* Build configuration list for PBXNativeTarget "Extension" */ = {
			isa = XCConfigurationList;
			buildConfigurations = (
				374D9402296F098D006AF29A /* Debug */,
				374D9403296F098D006AF29A /* Release */,
			);
			defaultConfigurationIsVisible = 0;
			defaultConfigurationName = Release;
		};
		374D9432296F31F8006AF29A /* Build configuration list for PBXNativeTarget "Shared" */ = {
			isa = XCConfigurationList;
			buildConfigurations = (
				374D9433296F31F8006AF29A /* Debug */,
				374D9434296F31F8006AF29A /* Release */,
			);
			defaultConfigurationIsVisible = 0;
			defaultConfigurationName = Release;
		};
/* End XCConfigurationList section */

/* Begin XCRemoteSwiftPackageReference section */
		374D9422296F3161006AF29A /* XCRemoteSwiftPackageReference "Defaults" */ = {
			isa = XCRemoteSwiftPackageReference;
			repositoryURL = "https://github.com/sindresorhus/Defaults";
			requirement = {
				branch = main;
				kind = branch;
			};
		};
/* End XCRemoteSwiftPackageReference section */

/* Begin XCSwiftPackageProductDependency section */
		374D9423296F3161006AF29A /* Defaults */ = {
			isa = XCSwiftPackageProductDependency;
			package = 374D9422296F3161006AF29A /* XCRemoteSwiftPackageReference "Defaults" */;
			productName = Defaults;
		};
		374D9436296F31FE006AF29A /* Defaults */ = {
			isa = XCSwiftPackageProductDependency;
			package = 374D9422296F3161006AF29A /* XCRemoteSwiftPackageReference "Defaults" */;
			productName = Defaults;
		};
		374D9440296F33BF006AF29A /* Defaults */ = {
			isa = XCSwiftPackageProductDependency;
			package = 374D9422296F3161006AF29A /* XCRemoteSwiftPackageReference "Defaults" */;
			productName = Defaults;
		};
/* End XCSwiftPackageProductDependency section */
	};
	rootObject = 374D93D8296F097B006AF29A /* Project object */;
}
